
Microsoft Visual Studio Solution File, Format Version 12.00
# Visual Studio Version 16
VisualStudioVersion = 16.0.31624.102
MinimumVisualStudioVersion = 10.0.40219.1
Project("{2150E333-8FDC-42A3-9474-1A3956D46DE8}") = "Common", "Common", "{08153C73-95AB-4ED2-B352-C6CF43FCDE81}"
EndProject
Project("{2150E333-8FDC-42A3-9474-1A3956D46DE8}") = "Services", "Services", "{E8F1AE5C-4AA8-46F8-AE81-2768B03C021D}"
EndProject
Project("{2150E333-8FDC-42A3-9474-1A3956D46DE8}") = "UI", "UI", "{31FD6C8F-7DAC-4FDE-86D0-3594B46C49C4}"
EndProject
Project("{9A19103F-16F7-4668-BE54-9A1E7A4F7556}") = "WebStore.Domain", "Common\WebStore.Domain\WebStore.Domain.csproj", "{D7F9D49E-5CEB-440E-8519-3262A52D42A1}"
EndProject
Project("{2150E333-8FDC-42A3-9474-1A3956D46DE8}") = "Data", "Data", "{529BC8A2-3728-4B4E-8A68-9FAEFE319064}"
EndProject
Project("{9A19103F-16F7-4668-BE54-9A1E7A4F7556}") = "WebStore.DAL", "Data\WebStore.DAL\WebStore.DAL.csproj", "{6645957E-5449-40C5-9072-74287B9BBD23}"
EndProject
Project("{9A19103F-16F7-4668-BE54-9A1E7A4F7556}") = "WebStore.DAL.Sqlite", "Data\WebStore.DAL.Sqlite\WebStore.DAL.Sqlite.csproj", "{63875B31-C38F-4C79-8AAB-CB69216DB93A}"
EndProject
Project("{9A19103F-16F7-4668-BE54-9A1E7A4F7556}") = "WebStore", "UI\WebStore\WebStore.csproj", "{263D3691-E4AB-4BF1-BEB7-893FB34EA6E4}"
EndProject
Global
	GlobalSection(SolutionConfigurationPlatforms) = preSolution
		Debug|Any CPU = Debug|Any CPU
		Release|Any CPU = Release|Any CPU
	EndGlobalSection
	GlobalSection(ProjectConfigurationPlatforms) = postSolution
		{D7F9D49E-5CEB-440E-8519-3262A52D42A1}.Debug|Any CPU.ActiveCfg = Debug|Any CPU
		{D7F9D49E-5CEB-440E-8519-3262A52D42A1}.Debug|Any CPU.Build.0 = Debug|Any CPU
		{D7F9D49E-5CEB-440E-8519-3262A52D42A1}.Release|Any CPU.ActiveCfg = Release|Any CPU
		{D7F9D49E-5CEB-440E-8519-3262A52D42A1}.Release|Any CPU.Build.0 = Release|Any CPU
		{6645957E-5449-40C5-9072-74287B9BBD23}.Debug|Any CPU.ActiveCfg = Debug|Any CPU
		{6645957E-5449-40C5-9072-74287B9BBD23}.Debug|Any CPU.Build.0 = Debug|Any CPU
		{6645957E-5449-40C5-9072-74287B9BBD23}.Release|Any CPU.ActiveCfg = Release|Any CPU
		{6645957E-5449-40C5-9072-74287B9BBD23}.Release|Any CPU.Build.0 = Release|Any CPU
		{63875B31-C38F-4C79-8AAB-CB69216DB93A}.Debug|Any CPU.ActiveCfg = Debug|Any CPU
		{63875B31-C38F-4C79-8AAB-CB69216DB93A}.Debug|Any CPU.Build.0 = Debug|Any CPU
		{63875B31-C38F-4C79-8AAB-CB69216DB93A}.Release|Any CPU.ActiveCfg = Release|Any CPU
		{63875B31-C38F-4C79-8AAB-CB69216DB93A}.Release|Any CPU.Build.0 = Release|Any CPU
		{263D3691-E4AB-4BF1-BEB7-893FB34EA6E4}.Debug|Any CPU.ActiveCfg = Debug|Any CPU
		{263D3691-E4AB-4BF1-BEB7-893FB34EA6E4}.Debug|Any CPU.Build.0 = Debug|Any CPU
		{263D3691-E4AB-4BF1-BEB7-893FB34EA6E4}.Release|Any CPU.ActiveCfg = Release|Any CPU
		{263D3691-E4AB-4BF1-BEB7-893FB34EA6E4}.Release|Any CPU.Build.0 = Release|Any CPU
	EndGlobalSection
	GlobalSection(SolutionProperties) = preSolution
		HideSolutionNode = FALSE
	EndGlobalSection
	GlobalSection(NestedProjects) = preSolution
		{D7F9D49E-5CEB-440E-8519-3262A52D42A1} = {08153C73-95AB-4ED2-B352-C6CF43FCDE81}
		{6645957E-5449-40C5-9072-74287B9BBD23} = {529BC8A2-3728-4B4E-8A68-9FAEFE319064}
		{63875B31-C38F-4C79-8AAB-CB69216DB93A} = {529BC8A2-3728-4B4E-8A68-9FAEFE319064}
		{263D3691-E4AB-4BF1-BEB7-893FB34EA6E4} = {31FD6C8F-7DAC-4FDE-86D0-3594B46C49C4}
	EndGlobalSection
	GlobalSection(ExtensibilityGlobals) = postSolution
		SolutionGuid = {B5BB0EC8-4208-4AD4-9202-4AD6A18AB13B}
	EndGlobalSection
EndGlobal
